
Microsoft Visual Studio Solution File, Format Version 12.00
# Visual Studio Version 16
VisualStudioVersion = 16.0.29920.165
MinimumVisualStudioVersion = 10.0.40219.1
Project("{FAE04EC0-301F-11D3-BF4B-00C04F79EFBC}") = "TCWeb", "TCWeb\TCWeb.csproj", "{AF6A96F2-17E2-4188-BF51-47DDC2E40FDD}"
EndProject
Global
	GlobalSection(SolutionConfigurationPlatforms) = preSolution
		Debug|Any CPU = Debug|Any CPU
		Delpoyment|Any CPU = Delpoyment|Any CPU
		Release|Any CPU = Release|Any CPU
	EndGlobalSection
	GlobalSection(ProjectConfigurationPlatforms) = postSolution
		{AF6A96F2-17E2-4188-BF51-47DDC2E40FDD}.Debug|Any CPU.ActiveCfg = Debug|Any CPU
		{AF6A96F2-17E2-4188-BF51-47DDC2E40FDD}.Debug|Any CPU.Build.0 = Debug|Any CPU
		{AF6A96F2-17E2-4188-BF51-47DDC2E40FDD}.Delpoyment|Any CPU.ActiveCfg = Debug|Any CPU
		{AF6A96F2-17E2-4188-BF51-47DDC2E40FDD}.Delpoyment|Any CPU.Build.0 = Debug|Any CPU
		{AF6A96F2-17E2-4188-BF51-47DDC2E40FDD}.Release|Any CPU.ActiveCfg = Release|Any CPU
		{AF6A96F2-17E2-4188-BF51-47DDC2E40FDD}.Release|Any CPU.Build.0 = Release|Any CPU
	EndGlobalSection
	GlobalSection(SolutionProperties) = preSolution
		HideSolutionNode = FALSE
	EndGlobalSection
	GlobalSection(ExtensibilityGlobals) = postSolution
		SolutionGuid = {807434B5-2E6B-4A39-94F5-A1E880A72E69}
	EndGlobalSection
EndGlobal
